
Microsoft Visual Studio Solution File, Format Version 12.00
# Visual Studio Version 17
VisualStudioVersion = 17.5.002.0
MinimumVisualStudioVersion = 10.0.40219.1
Project("{9A19103F-16F7-4668-BE54-9A1E7A4F7556}") = "BetterSpotifySearchAPI", "BetterSpotifySearchAPI\BetterSpotifySearchAPI.csproj", "{1C456D52-A3E1-40D1-8340-6840BF9C5784}"
EndProject
Project("{E24C65DC-7377-472B-9ABA-BC803B73C61A}") = "BetterSpotifySearch", "BetterSpotifySearch\", "{7244FE29-DE3B-489D-AF5D-42A790FD58E0}"
	ProjectSection(WebsiteProperties) = preProject
		TargetFrameworkMoniker = ".NETFramework,Version%3Dv4.0"
		Debug.AspNetCompiler.VirtualPath = "/localhost_61026"
		Debug.AspNetCompiler.PhysicalPath = "BetterSpotifySearch\"
		Debug.AspNetCompiler.TargetPath = "PrecompiledWeb\localhost_61026\"
		Debug.AspNetCompiler.Updateable = "true"
		Debug.AspNetCompiler.ForceOverwrite = "true"
		Debug.AspNetCompiler.FixedNames = "false"
		Debug.AspNetCompiler.Debug = "True"
		Release.AspNetCompiler.VirtualPath = "/localhost_61026"
		Release.AspNetCompiler.PhysicalPath = "BetterSpotifySearch\"
		Release.AspNetCompiler.TargetPath = "PrecompiledWeb\localhost_61026\"
		Release.AspNetCompiler.Updateable = "true"
		Release.AspNetCompiler.ForceOverwrite = "true"
		Release.AspNetCompiler.FixedNames = "false"
		Release.AspNetCompiler.Debug = "False"
		VWDPort = "61026"
	EndProjectSection
EndProject
Global
	GlobalSection(SolutionConfigurationPlatforms) = preSolution
		Debug|Any CPU = Debug|Any CPU
		Release|Any CPU = Release|Any CPU
	EndGlobalSection
	GlobalSection(ProjectConfigurationPlatforms) = postSolution
		{1C456D52-A3E1-40D1-8340-6840BF9C5784}.Debug|Any CPU.ActiveCfg = Debug|Any CPU
		{1C456D52-A3E1-40D1-8340-6840BF9C5784}.Debug|Any CPU.Build.0 = Debug|Any CPU
		{1C456D52-A3E1-40D1-8340-6840BF9C5784}.Release|Any CPU.ActiveCfg = Release|Any CPU
		{1C456D52-A3E1-40D1-8340-6840BF9C5784}.Release|Any CPU.Build.0 = Release|Any CPU
		{7244FE29-DE3B-489D-AF5D-42A790FD58E0}.Debug|Any CPU.ActiveCfg = Debug|Any CPU
		{7244FE29-DE3B-489D-AF5D-42A790FD58E0}.Debug|Any CPU.Build.0 = Debug|Any CPU
		{7244FE29-DE3B-489D-AF5D-42A790FD58E0}.Release|Any CPU.ActiveCfg = Debug|Any CPU
		{7244FE29-DE3B-489D-AF5D-42A790FD58E0}.Release|Any CPU.Build.0 = Debug|Any CPU
	EndGlobalSection
	GlobalSection(SolutionProperties) = preSolution
		HideSolutionNode = FALSE
	EndGlobalSection
	GlobalSection(ExtensibilityGlobals) = postSolution
		SolutionGuid = {E5F6CD1F-1478-46B2-811A-127213087569}
	EndGlobalSection
EndGlobal
